Microsoft Visual Studio Solution File, Format Version 12.00
# Visual Studio Version 17
VisualStudioVersion = 17.5.2.0
MinimumVisualStudioVersion = 10.0.40219.1
Project("{FAE04EC0-301F-11D3-BF4B-00C04F79EFBC}") = "ScoringTablet", "ScoringTablet\ScoringTablet.csproj", "{AF2B402D-1C8E-1FAE-F5DF-D7B54AA97BDC}"
EndProject
Global
	GlobalSection(SolutionConfigurationPlatforms) = preSolution
		Debug|Any CPU = Debug|Any CPU
		Release|Any CPU = Release|Any CPU
	EndGlobalSection
	GlobalSection(ProjectConfigurationPlatforms) = postSolution
		{AF2B402D-1C8E-1FAE-F5DF-D7B54AA97BDC}.Debug|Any CPU.ActiveCfg = Debug|Any CPU
		{AF2B402D-1C8E-1FAE-F5DF-D7B54AA97BDC}.Debug|Any CPU.Build.0 = Debug|Any CPU
		{AF2B402D-1C8E-1FAE-F5DF-D7B54AA97BDC}.Release|Any CPU.ActiveCfg = Release|Any CPU
		{AF2B402D-1C8E-1FAE-F5DF-D7B54AA97BDC}.Release|Any CPU.Build.0 = Release|Any CPU
	EndGlobalSection
	GlobalSection(SolutionProperties) = preSolution
		HideSolutionNode = FALSE
	EndGlobalSection
	GlobalSection(ExtensibilityGlobals) = postSolution
		SolutionGuid = {16563C22-7381-403E-A38A-5AE9BA42BDBF}
	EndGlobalSection
EndGlobal
